
Microsoft Visual Studio Solution File, Format Version 11.00
# Visual Studio 2010
Project("{FAE04EC0-301F-11D3-BF4B-00C04F79EFBC}") = "vr-snap-unity", "Assembly-CSharp.csproj", "{713118D3-9A1B-5191-BC8B-9B26F6EE6B89}"
EndProject
Project("{FAE04EC0-301F-11D3-BF4B-00C04F79EFBC}") = "vr-snap-unity", "Assembly-CSharp-Editor.csproj", "{8F02F237-4B6A-DFB1-A102-75C97F38F6B3}"
EndProject
Global
	GlobalSection(SolutionConfigurationPlatforms) = preSolution
		Debug|Any CPU = Debug|Any CPU
		Release|Any CPU = Release|Any CPU
	EndGlobalSection
	GlobalSection(ProjectConfigurationPlatforms) = postSolution
		{713118D3-9A1B-5191-BC8B-9B26F6EE6B89}.Debug|Any CPU.ActiveCfg = Debug|Any CPU
		{713118D3-9A1B-5191-BC8B-9B26F6EE6B89}.Debug|Any CPU.Build.0 = Debug|Any CPU
		{713118D3-9A1B-5191-BC8B-9B26F6EE6B89}.Release|Any CPU.ActiveCfg = Release|Any CPU
		{713118D3-9A1B-5191-BC8B-9B26F6EE6B89}.Release|Any CPU.Build.0 = Release|Any CPU
		{8F02F237-4B6A-DFB1-A102-75C97F38F6B3}.Debug|Any CPU.ActiveCfg = Debug|Any CPU
		{8F02F237-4B6A-DFB1-A102-75C97F38F6B3}.Debug|Any CPU.Build.0 = Debug|Any CPU
		{8F02F237-4B6A-DFB1-A102-75C97F38F6B3}.Release|Any CPU.ActiveCfg = Release|Any CPU
		{8F02F237-4B6A-DFB1-A102-75C97F38F6B3}.Release|Any CPU.Build.0 = Release|Any CPU
	EndGlobalSection
	GlobalSection(SolutionProperties) = preSolution
		HideSolutionNode = FALSE
	EndGlobalSection
	GlobalSection(MonoDevelopProperties) = preSolution
		StartupItem = Assembly-CSharp.csproj
	EndGlobalSection
EndGlobal
