
Microsoft Visual Studio Solution File, Format Version 12.00
# Visual Studio 2015
Project("{FAE04EC0-301F-11D3-BF4B-00C04F79EFBC}") = "vr-snap-unity.Plugins", "vr-snap-unity.Plugins.csproj", "{1168D2F2-D225-D10A-B98A-02467B7AD45E}"
EndProject
Project("{FAE04EC0-301F-11D3-BF4B-00C04F79EFBC}") = "vr-snap-unity", "vr-snap-unity.csproj", "{16F35E79-D447-3726-033F-5A383670A669}"
EndProject
Project("{FAE04EC0-301F-11D3-BF4B-00C04F79EFBC}") = "vr-snap-unity.Editor.Plugins", "vr-snap-unity.Editor.Plugins.csproj", "{BAF1FA6C-0197-BCC2-31DE-D164C0C9821C}"
EndProject
Global
	GlobalSection(SolutionConfigurationPlatforms) = preSolution
		Debug|Any CPU = Debug|Any CPU
		Release|Any CPU = Release|Any CPU
	EndGlobalSection
	GlobalSection(ProjectConfigurationPlatforms) = postSolution
		{1168D2F2-D225-D10A-B98A-02467B7AD45E}.Debug|Any CPU.ActiveCfg = Debug|Any CPU
		{1168D2F2-D225-D10A-B98A-02467B7AD45E}.Debug|Any CPU.Build.0 = Debug|Any CPU
		{1168D2F2-D225-D10A-B98A-02467B7AD45E}.Release|Any CPU.ActiveCfg = Release|Any CPU
		{1168D2F2-D225-D10A-B98A-02467B7AD45E}.Release|Any CPU.Build.0 = Release|Any CPU
		{16F35E79-D447-3726-033F-5A383670A669}.Debug|Any CPU.ActiveCfg = Debug|Any CPU
		{16F35E79-D447-3726-033F-5A383670A669}.Debug|Any CPU.Build.0 = Debug|Any CPU
		{16F35E79-D447-3726-033F-5A383670A669}.Release|Any CPU.ActiveCfg = Release|Any CPU
		{16F35E79-D447-3726-033F-5A383670A669}.Release|Any CPU.Build.0 = Release|Any CPU
		{BAF1FA6C-0197-BCC2-31DE-D164C0C9821C}.Debug|Any CPU.ActiveCfg = Debug|Any CPU
		{BAF1FA6C-0197-BCC2-31DE-D164C0C9821C}.Debug|Any CPU.Build.0 = Debug|Any CPU
		{BAF1FA6C-0197-BCC2-31DE-D164C0C9821C}.Release|Any CPU.ActiveCfg = Release|Any CPU
		{BAF1FA6C-0197-BCC2-31DE-D164C0C9821C}.Release|Any CPU.Build.0 = Release|Any CPU
	EndGlobalSection
	GlobalSection(SolutionProperties) = preSolution
		HideSolutionNode = FALSE
	EndGlobalSection
EndGlobal
